// !$*UTF8*$!
{
	archiveVersion = 1;
	classes = {
	};
	objectVersion = 56;
	objects = {

/* Begin PBXBuildFile section */
		4437BDED2C1AA68000E1CB58 /* AppDelegate.swift in Sources */ = {isa = PBXBuildFile; fileRef = 4437BDEC2C1AA68000E1CB58 /* AppDelegate.swift */; };
		4437BDEF2C1AA68000E1CB58 /* SceneDelegate.swift in Sources */ = {isa = PBXBuildFile; fileRef = 4437BDEE2C1AA68000E1CB58 /* SceneDelegate.swift */; };
		4437BDF12C1AA68000E1CB58 /* ViewController.swift in Sources */ = {isa = PBXBuildFile; fileRef = 4437BDF02C1AA68000E1CB58 /* ViewController.swift */; };
		4437BDF42C1AA68000E1CB58 /* Main.storyboard in Resources */ = {isa = PBXBuildFile; fileRef = 4437BDF22C1AA68000E1CB58 /* Main.storyboard */; };
		4437BDF72C1AA68000E1CB58 /* MyShimmer.xcdatamodeld in Sources */ = {isa = PBXBuildFile; fileRef = 4437BDF52C1AA68000E1CB58 /* MyShimmer.xcdatamodeld */; };
		4437BDF92C1AA68200E1CB58 /* Assets.xcassets in Resources */ = {isa = PBXBuildFile; fileRef = 4437BDF82C1AA68200E1CB58 /* Assets.xcassets */; };
		4437BDFC2C1AA68200E1CB58 /* LaunchScreen.storyboard in Resources */ = {isa = PBXBuildFile; fileRef = 4437BDFA2C1AA68200E1CB58 /* LaunchScreen.storyboard */; };
		44E690112C1AFAD900A63C53 /* ShimmerFactory.swift in Sources */ = {isa = PBXBuildFile; fileRef = 44E690102C1AFAD900A63C53 /* ShimmerFactory.swift */; };
		44E690142C1AFB0300A63C53 /* ShimmerAnim.swift in Sources */ = {isa = PBXBuildFile; fileRef = 44E690132C1AFB0300A63C53 /* ShimmerAnim.swift */; };
/* End PBXBuildFile section */

/* Begin PBXFileReference section */
		4437BDE92C1AA68000E1CB58 /* MyShimmer.app */ = {isa = PBXFileReference; explicitFileType = wrapper.application; includeInIndex = 0; path = MyShimmer.app; sourceTree = BUILT_PRODUCTS_DIR; };
		4437BDEC2C1AA68000E1CB58 /* AppDelegate.swift */ = {isa = PBXFileReference; lastKnownFileType = sourcecode.swift; path = AppDelegate.swift; sourceTree = "<group>"; };
		4437BDEE2C1AA68000E1CB58 /* SceneDelegate.swift */ = {isa = PBXFileReference; lastKnownFileType = sourcecode.swift; path = SceneDelegate.swift; sourceTree = "<group>"; };
		4437BDF02C1AA68000E1CB58 /* ViewController.swift */ = {isa = PBXFileReference; lastKnownFileType = sourcecode.swift; path = ViewController.swift; sourceTree = "<group>"; };
		4437BDF32C1AA68000E1CB58 /* Base */ = {isa = PBXFileReference; lastKnownFileType = file.storyboard; name = Base; path = Base.lproj/Main.storyboard; sourceTree = "<group>"; };
		4437BDF62C1AA68000E1CB58 /* MyShimmer.xcdatamodel */ = {isa = PBXFileReference; lastKnownFileType = wrapper.xcdatamodel; path = MyShimmer.xcdatamodel; sourceTree = "<group>"; };
		4437BDF82C1AA68200E1CB58 /* Assets.xcassets */ = {isa = PBXFileReference; lastKnownFileType = folder.assetcatalog; path = Assets.xcassets; sourceTree = "<group>"; };
		4437BDFB2C1AA68200E1CB58 /* Base */ = {isa = PBXFileReference; lastKnownFileType = file.storyboard; name = Base; path = Base.lproj/LaunchScreen.storyboard; sourceTree = "<group>"; };
		4437BDFD2C1AA68200E1CB58 /* Info.plist */ = {isa = PBXFileReference; lastKnownFileType = text.plist.xml; path = Info.plist; sourceTree = "<group>"; };
		44E690102C1AFAD900A63C53 /* ShimmerFactory.swift */ = {isa = PBXFileReference; lastKnownFileType = sourcecode.swift; path = ShimmerFactory.swift; sourceTree = "<group>"; };
		44E690132C1AFB0300A63C53 /* ShimmerAnim.swift */ = {isa = PBXFileReference; lastKnownFileType = sourcecode.swift; path = ShimmerAnim.swift; sourceTree = "<group>"; };
/* End PBXFileReference section */

/* Begin PBXFrameworksBuildPhase section */
		4437BDE62C1AA68000E1CB58 /* Frameworks */ = {
			isa = PBXFrameworksBuildPhase;
			buildActionMask = 2147483647;
			files = (
			);
			runOnlyForDeploymentPostprocessing = 0;
		};
/* End PBXFrameworksBuildPhase section */

/* Begin PBXGroup section */
		4437BDE02C1AA68000E1CB58 = {
			isa = PBXGroup;
			children = (
				4437BDEB2C1AA68000E1CB58 /* MyShimmer */,
				4437BDEA2C1AA68000E1CB58 /* Products */,
			);
			sourceTree = "<group>";
		};
		4437BDEA2C1AA68000E1CB58 /* Products */ = {
			isa = PBXGroup;
			children = (
				4437BDE92C1AA68000E1CB58 /* MyShimmer.app */,
			);
			name = Products;
			sourceTree = "<group>";
		};
		4437BDEB2C1AA68000E1CB58 /* MyShimmer */ = {
			isa = PBXGroup;
			children = (
				44E690122C1AFAEF00A63C53 /* Class */,
				44E6900F2C1AFAC600A63C53 /* Factory */,
				4437BDEC2C1AA68000E1CB58 /* AppDelegate.swift */,
				4437BDEE2C1AA68000E1CB58 /* SceneDelegate.swift */,
				4437BDF02C1AA68000E1CB58 /* ViewController.swift */,
				4437BDF22C1AA68000E1CB58 /* Main.storyboard */,
				4437BDF82C1AA68200E1CB58 /* Assets.xcassets */,
				4437BDFA2C1AA68200E1CB58 /* LaunchScreen.storyboard */,
				4437BDFD2C1AA68200E1CB58 /* Info.plist */,
				4437BDF52C1AA68000E1CB58 /* MyShimmer.xcdatamodeld */,
			);
			path = MyShimmer;
			sourceTree = "<group>";
		};
		44E6900F2C1AFAC600A63C53 /* Factory */ = {
			isa = PBXGroup;
			children = (
				44E690102C1AFAD900A63C53 /* ShimmerFactory.swift */,
			);
			path = Factory;
			sourceTree = "<group>";
		};
		44E690122C1AFAEF00A63C53 /* Class */ = {
			isa = PBXGroup;
			children = (
				44E690132C1AFB0300A63C53 /* ShimmerAnim.swift */,
			);
			path = Class;
			sourceTree = "<group>";
		};
/* End PBXGroup section */

/* Begin PBXNativeTarget section */
		4437BDE82C1AA68000E1CB58 /* MyShimmer */ = {
			isa = PBXNativeTarget;
			buildConfigurationList = 4437BE002C1AA68200E1CB58 /* Build configuration list for PBXNativeTarget "MyShimmer" */;
			buildPhases = (
				4437BDE52C1AA68000E1CB58 /* Sources */,
				4437BDE62C1AA68000E1CB58 /* Frameworks */,
				4437BDE72C1AA68000E1CB58 /* Resources */,
			);
			buildRules = (
			);
			dependencies = (
			);
			name = MyShimmer;
			productName = MyShimmer;
			productReference = 4437BDE92C1AA68000E1CB58 /* MyShimmer.app */;
			productType = "com.apple.product-type.application";
		};
/* End PBXNativeTarget section */

/* Begin PBXProject section */
		4437BDE12C1AA68000E1CB58 /* Project object */ = {
			isa = PBXProject;
			attributes = {
				BuildIndependentTargetsInParallel = 1;
				LastSwiftUpdateCheck = 1520;
				LastUpgradeCheck = 1520;
				TargetAttributes = {
					4437BDE82C1AA68000E1CB58 = {
						CreatedOnToolsVersion = 15.2;
					};
				};
			};
			buildConfigurationList = 4437BDE42C1AA68000E1CB58 /* Build configuration list for PBXProject "MyShimmer" */;
			compatibilityVersion = "Xcode 14.0";
			developmentRegion = en;
			hasScannedForEncodings = 0;
			knownRegions = (
				en,
				Base,
			);
			mainGroup = 4437BDE02C1AA68000E1CB58;
			productRefGroup = 4437BDEA2C1AA68000E1CB58 /* Products */;
			projectDirPath = "";
			projectRoot = "";
			targets = (
				4437BDE82C1AA68000E1CB58 /* MyShimmer */,
			);
		};
/* End PBXProject section */

/* Begin PBXResourcesBuildPhase section */
		4437BDE72C1AA68000E1CB58 /* Resources */ = {
			isa = PBXResourcesBuildPhase;
			buildActionMask = 2147483647;
			files = (
				4437BDFC2C1AA68200E1CB58 /* LaunchScreen.storyboard in Resources */,
				4437BDF92C1AA68200E1CB58 /* Assets.xcassets in Resources */,
				4437BDF42C1AA68000E1CB58 /* Main.storyboard in Resources */,
			);
			runOnlyForDeploymentPostprocessing = 0;
		};
/* End PBXResourcesBuildPhase section */

/* Begin PBXSourcesBuildPhase section */
		4437BDE52C1AA68000E1CB58 /* Sources */ = {
			isa = PBXSourcesBuildPhase;
			buildActionMask = 2147483647;
			files = (
				4437BDF12C1AA68000E1CB58 /* ViewController.swift in Sources */,
				4437BDF72C1AA68000E1CB58 /* MyShimmer.xcdatamodeld in Sources */,
				44E690142C1AFB0300A63C53 /* ShimmerAnim.swift in Sources */,
				4437BDED2C1AA68000E1CB58 /* AppDelegate.swift in Sources */,
				4437BDEF2C1AA68000E1CB58 /* SceneDelegate.swift in Sources */,
				44E690112C1AFAD900A63C53 /* ShimmerFactory.swift in Sources */,
			);
			runOnlyForDeploymentPostprocessing = 0;
		};
/* End PBXSourcesBuildPhase section */

/* Begin PBXVariantGroup section */
		4437BDF22C1AA68000E1CB58 /* Main.storyboard */ = {
			isa = PBXVariantGroup;
			children = (
				4437BDF32C1AA68000E1CB58 /* Base */,
			);
			name = Main.storyboard;
			sourceTree = "<group>";
		};
		4437BDFA2C1AA68200E1CB58 /* LaunchScreen.storyboard */ = {
			isa = PBXVariantGroup;
			children = (
				4437BDFB2C1AA68200E1CB58 /* Base */,
			);
			name = LaunchScreen.storyboard;
			sourceTree = "<group>";
		};
/* End PBXVariantGroup section */

/* Begin XCBuildConfiguration section */
		4437BDFE2C1AA68200E1CB58 /* Debug */ = {
			isa = XCBuildConfiguration;
			buildSettings = {
				ALWAYS_SEARCH_USER_PATHS = NO;
				ASSETCATALOG_COMPILER_GENERATE_SWIFT_ASSET_SYMBOL_EXTENSIONS = YES;
				CLANG_ANALYZER_NONNULL = YES;
				CLANG_ANALYZER_NUMBER_OBJECT_CONVERSION = YES_AGGRESSIVE;
				CLANG_CXX_LANGUAGE_STANDARD = "gnu++20";
				CLANG_ENABLE_MODULES = YES;
				CLANG_ENABLE_OBJC_ARC = YES;
				CLANG_ENABLE_OBJC_WEAK = YES;
				CLANG_WARN_BLOCK_CAPTURE_AUTORELEASING = YES;
				CLANG_WARN_BOOL_CONVERSION = YES;
				CLANG_WARN_COMMA = YES;
				CLANG_WARN_CONSTANT_CONVERSION = YES;
				CLANG_WARN_DEPRECATED_OBJC_IMPLEMENTATIONS = YES;
				CLANG_WARN_DIRECT_OBJC_ISA_USAGE = YES_ERROR;
				CLANG_WARN_DOCUMENTATION_COMMENTS = YES;
				CLANG_WARN_EMPTY_BODY = YES;
				CLANG_WARN_ENUM_CONVERSION = YES;
				CLANG_WARN_INFINITE_RECURSION = YES;
				CLANG_WARN_INT_CONVERSION = YES;
				CLANG_WARN_NON_LITERAL_NULL_CONVERSION = YES;
				CLANG_WARN_OBJC_IMPLICIT_RETAIN_SELF = YES;
				CLANG_WARN_OBJC_LITERAL_CONVERSION = YES;
				CLANG_WARN_OBJC_ROOT_CLASS = YES_ERROR;
				CLANG_WARN_QUOTED_INCLUDE_IN_FRAMEWORK_HEADER = YES;
				CLANG_WARN_RANGE_LOOP_ANALYSIS = YES;
				CLANG_WARN_STRICT_PROTOTYPES = YES;
				CLANG_WARN_SUSPICIOUS_MOVE = YES;
				CLANG_WARN_UNGUARDED_AVAILABILITY = YES_AGGRESSIVE;
				CLANG_WARN_UNREACHABLE_CODE = YES;
				CLANG_WARN__DUPLICATE_METHOD_MATCH = YES;
				COPY_PHASE_STRIP = NO;
				DEBUG_INFORMATION_FORMAT = dwarf;
				ENABLE_STRICT_OBJC_MSGSEND = YES;
				ENABLE_TESTABILITY = YES;
				ENABLE_USER_SCRIPT_SANDBOXING = YES;
				GCC_C_LANGUAGE_STANDARD = gnu17;
				GCC_DYNAMIC_NO_PIC = NO;
				GCC_NO_COMMON_BLOCKS = YES;
				GCC_OPTIMIZATION_LEVEL = 0;
				GCC_PREPROCESSOR_DEFINITIONS = (
					"DEBUG=1",
					"$(inherited)",
				);
				GCC_WARN_64_TO_32_BIT_CONVERSION = YES;
				GCC_WARN_ABOUT_RETURN_TYPE = YES_ERROR;
				GCC_WARN_UNDECLARED_SELECTOR = YES;
				GCC_WARN_UNINITIALIZED_AUTOS = YES_AGGRESSIVE;
				GCC_WARN_UNUSED_FUNCTION = YES;
				GCC_WARN_UNUSED_VARIABLE = YES;
				IPHONEOS_DEPLOYMENT_TARGET = 17.2;
				LOCALIZATION_PREFERS_STRING_CATALOGS = YES;
				MTL_ENABLE_DEBUG_INFO = INCLUDE_SOURCE;
				MTL_FAST_MATH = YES;
				ONLY_ACTIVE_ARCH = YES;
				SDKROOT = iphoneos;
				SWIFT_ACTIVE_COMPILATION_CONDITIONS = "DEBUG $(inherited)";
				SWIFT_OPTIMIZATION_LEVEL = "-Onone";
			};
			name = Debug;
		};
		4437BDFF2C1AA68200E1CB58 /* Release */ = {
			isa = XCBuildConfiguration;
			buildSettings = {
				ALWAYS_SEARCH_USER_PATHS = NO;
				ASSETCATALOG_COMPILER_GENERATE_SWIFT_ASSET_SYMBOL_EXTENSIONS = YES;
				CLANG_ANALYZER_NONNULL = YES;
				CLANG_ANALYZER_NUMBER_OBJECT_CONVERSION = YES_AGGRESSIVE;
				CLANG_CXX_LANGUAGE_STANDARD = "gnu++20";
				CLANG_ENABLE_MODULES = YES;
				CLANG_ENABLE_OBJC_ARC = YES;
				CLANG_ENABLE_OBJC_WEAK = YES;
				CLANG_WARN_BLOCK_CAPTURE_AUTORELEASING = YES;
				CLANG_WARN_BOOL_CONVERSION = YES;
				CLANG_WARN_COMMA = YES;
				CLANG_WARN_CONSTANT_CONVERSION = YES;
				CLANG_WARN_DEPRECATED_OBJC_IMPLEMENTATIONS = YES;
				CLANG_WARN_DIRECT_OBJC_ISA_USAGE = YES_ERROR;
				CLANG_WARN_DOCUMENTATION_COMMENTS = YES;
				CLANG_WARN_EMPTY_BODY = YES;
				CLANG_WARN_ENUM_CONVERSION = YES;
				CLANG_WARN_INFINITE_RECURSION = YES;
				CLANG_WARN_INT_CONVERSION = YES;
				CLANG_WARN_NON_LITERAL_NULL_CONVERSION = YES;
				CLANG_WARN_OBJC_IMPLICIT_RETAIN_SELF = YES;
				CLANG_WARN_OBJC_LITERAL_CONVERSION = YES;
				CLANG_WARN_OBJC_ROOT_CLASS = YES_ERROR;
				CLANG_WARN_QUOTED_INCLUDE_IN_FRAMEWORK_HEADER = YES;
				CLANG_WARN_RANGE_LOOP_ANALYSIS = YES;
				CLANG_WARN_STRICT_PROTOTYPES = YES;
				CLANG_WARN_SUSPICIOUS_MOVE = YES;
				CLANG_WARN_UNGUARDED_AVAILABILITY = YES_AGGRESSIVE;
				CLANG_WARN_UNREACHABLE_CODE = YES;
				CLANG_WARN__DUPLICATE_METHOD_MATCH = YES;
				COPY_PHASE_STRIP = NO;
				DEBUG_INFORMATION_FORMAT = "dwarf-with-dsym";
				ENABLE_NS_ASSERTIONS = NO;
				ENABLE_STRICT_OBJC_MSGSEND = YES;
				ENABLE_USER_SCRIPT_SANDBOXING = YES;
				GCC_C_LANGUAGE_STANDARD = gnu17;
				GCC_NO_COMMON_BLOCKS = YES;
				GCC_WARN_64_TO_32_BIT_CONVERSION = YES;
				GCC_WARN_ABOUT_RETURN_TYPE = YES_ERROR;
				GCC_WARN_UNDECLARED_SELECTOR = YES;
				GCC_WARN_UNINITIALIZED_AUTOS = YES_AGGRESSIVE;
				GCC_WARN_UNUSED_FUNCTION = YES;
				GCC_WARN_UNUSED_VARIABLE = YES;
				IPHONEOS_DEPLOYMENT_TARGET = 17.2;
				LOCALIZATION_PREFERS_STRING_CATALOGS = YES;
				MTL_ENABLE_DEBUG_INFO = NO;
				MTL_FAST_MATH = YES;
				SDKROOT = iphoneos;
				SWIFT_COMPILATION_MODE = wholemodule;
				VALIDATE_PRODUCT = YES;
			};
			name = Release;
		};
		4437BE012C1AA68200E1CB58 /* Debug */ = {
			isa = XCBuildConfiguration;
			buildSettings = {
				ASSETCATALOG_COMPILER_APPICON_NAME = AppIcon;
				ASSETCATALOG_COMPILER_GLOBAL_ACCENT_COLOR_NAME = AccentColor;
				CODE_SIGN_STYLE = Automatic;
				CURRENT_PROJECT_VERSION = 1;
				DEVELOPMENT_TEAM = 562SB7P7KY;
				GENERATE_INFOPLIST_FILE = YES;
				INFOPLIST_FILE = MyShimmer/Info.plist;
				INFOPLIST_KEY_UIApplicationSupportsIndirectInputEvents = YES;
				INFOPLIST_KEY_UILaunchStoryboardName = LaunchScreen;
				INFOPLIST_KEY_UIMainStoryboardFile = Main;
				INFOPLIST_KEY_UISupportedInterfaceOrientations_iPad = "UIInterfaceOrientationPortrait UIInterfaceOrientationPortraitUpsideDown UIInterfaceOrientationLandscapeLeft UIInterfaceOrientationLandscapeRight";
				INFOPLIST_KEY_UISupportedInterfaceOrientations_iPhone = "UIInterfaceOrientationPortrait UIInterfaceOrientationLandscapeLeft UIInterfaceOrientationLandscapeRight";
				LD_RUNPATH_SEARCH_PATHS = (
					"$(inherited)",
					"@executable_path/Frameworks",
				);
				MARKETING_VERSION = 1.0;
				PRODUCT_BUNDLE_IDENTIFIER = test.MyShimmer;
				PRODUCT_NAME = "$(TARGET_NAME)";
				SWIFT_EMIT_LOC_STRINGS = YES;
				SWIFT_VERSION = 5.0;
				TARGETED_DEVICE_FAMILY = "1,2";
			};
			name = Debug;
		};
		4437BE022C1AA68200E1CB58 /* Release */ = {
			isa = XCBuildConfiguration;
			buildSettings = {
				ASSETCATALOG_COMPILER_APPICON_NAME = AppIcon;
				ASSETCATALOG_COMPILER_GLOBAL_ACCENT_COLOR_NAME = AccentColor;
				CODE_SIGN_STYLE = Automatic;
				CURRENT_PROJECT_VERSION = 1;
				DEVELOPMENT_TEAM = 562SB7P7KY;
				GENERATE_INFOPLIST_FILE = YES;
				INFOPLIST_FILE = MyShimmer/Info.plist;
				INFOPLIST_KEY_UIApplicationSupportsIndirectInputEvents = YES;
				INFOPLIST_KEY_UILaunchStoryboardName = LaunchScreen;
				INFOPLIST_KEY_UIMainStoryboardFile = Main;
				INFOPLIST_KEY_UISupportedInterfaceOrientations_iPad = "UIInterfaceOrientationPortrait UIInterfaceOrientationPortraitUpsideDown UIInterfaceOrientationLandscapeLeft UIInterfaceOrientationLandscapeRight";
				INFOPLIST_KEY_UISupportedInterfaceOrientations_iPhone = "UIInterfaceOrientationPortrait UIInterfaceOrientationLandscapeLeft UIInterfaceOrientationLandscapeRight";
				LD_RUNPATH_SEARCH_PATHS = (
					"$(inherited)",
					"@executable_path/Frameworks",
				);
				MARKETING_VERSION = 1.0;
				PRODUCT_BUNDLE_IDENTIFIER = test.MyShimmer;
				PRODUCT_NAME = "$(TARGET_NAME)";
				SWIFT_EMIT_LOC_STRINGS = YES;
				SWIFT_VERSION = 5.0;
				TARGETED_DEVICE_FAMILY = "1,2";
			};
			name = Release;
		};
/* End XCBuildConfiguration section */

/* Begin XCConfigurationList section */
		4437BDE42C1AA68000E1CB58 /* Build configuration list for PBXProject "MyShimmer" */ = {
			isa = XCConfigurationList;
			buildConfigurations = (
				4437BDFE2C1AA68200E1CB58 /* Debug */,
				4437BDFF2C1AA68200E1CB58 /* Release */,
			);
			defaultConfigurationIsVisible = 0;
			defaultConfigurationName = Release;
		};
		4437BE002C1AA68200E1CB58 /* Build configuration list for PBXNativeTarget "MyShimmer" */ = {
			isa = XCConfigurationList;
			buildConfigurations = (
				4437BE012C1AA68200E1CB58 /* Debug */,
				4437BE022C1AA68200E1CB58 /* Release */,
			);
			defaultConfigurationIsVisible = 0;
			defaultConfigurationName = Release;
		};
/* End XCConfigurationList section */

/* Begin XCVersionGroup section */
		4437BDF52C1AA68000E1CB58 /* MyShimmer.xcdatamodeld */ = {
			isa = XCVersionGroup;
			children = (
				4437BDF62C1AA68000E1CB58 /* MyShimmer.xcdatamodel */,
			);
			currentVersion = 4437BDF62C1AA68000E1CB58 /* MyShimmer.xcdatamodel */;
			path = MyShimmer.xcdatamodeld;
			sourceTree = "<group>";
			versionGroupType = wrapper.xcdatamodel;
		};
/* End XCVersionGroup section */
	};
	rootObject = 4437BDE12C1AA68000E1CB58 /* Project object */;
}
